
Microsoft Visual Studio Solution File, Format Version 12.00
Project("{FAE04EC0-301F-11D3-BF4B-00C04F79EFBC}") = "SocketServer", "SocketServer\SocketServer.csproj", "{59107EE3-C0C9-4F6E-BC60-96884B4034C4}"
EndProject
Project("{FAE04EC0-301F-11D3-BF4B-00C04F79EFBC}") = "SocketClient", "SocketClient\SocketClient.csproj", "{C4243F54-2030-4BBA-84D6-1F16DCE3CB01}"
EndProject
Global
	GlobalSection(SolutionConfigurationPlatforms) = preSolution
		Debug|Any CPU = Debug|Any CPU
		Release|Any CPU = Release|Any CPU
	EndGlobalSection
	GlobalSection(ProjectConfigurationPlatforms) = postSolution
		{59107EE3-C0C9-4F6E-BC60-96884B4034C4}.Debug|Any CPU.ActiveCfg = Debug|Any CPU
		{59107EE3-C0C9-4F6E-BC60-96884B4034C4}.Debug|Any CPU.Build.0 = Debug|Any CPU
		{59107EE3-C0C9-4F6E-BC60-96884B4034C4}.Release|Any CPU.ActiveCfg = Release|Any CPU
		{59107EE3-C0C9-4F6E-BC60-96884B4034C4}.Release|Any CPU.Build.0 = Release|Any CPU
		{C4243F54-2030-4BBA-84D6-1F16DCE3CB01}.Debug|Any CPU.ActiveCfg = Debug|Any CPU
		{C4243F54-2030-4BBA-84D6-1F16DCE3CB01}.Debug|Any CPU.Build.0 = Debug|Any CPU
		{C4243F54-2030-4BBA-84D6-1F16DCE3CB01}.Release|Any CPU.ActiveCfg = Release|Any CPU
		{C4243F54-2030-4BBA-84D6-1F16DCE3CB01}.Release|Any CPU.Build.0 = Release|Any CPU
	EndGlobalSection
EndGlobal
